
Microsoft Visual Studio Solution File, Format Version 12.00
# Visual Studio Version 16
VisualStudioVersion = 16.0.29905.134
MinimumVisualStudioVersion = 10.0.40219.1
Project("{FAE04EC0-301F-11D3-BF4B-00C04F79EFBC}") = "SimpleCrawler", "爬虫 - 控制台\SimpleCrawler.csproj", "{D618643D-F85D-4092-A6B4-BA0E52B4AF16}"
EndProject
Global
	GlobalSection(SolutionConfigurationPlatforms) = preSolution
		Debug|Any CPU = Debug|Any CPU
		Release|Any CPU = Release|Any CPU
	EndGlobalSection
	GlobalSection(ProjectConfigurationPlatforms) = postSolution
		{D618643D-F85D-4092-A6B4-BA0E52B4AF16}.Debug|Any CPU.ActiveCfg = Debug|Any CPU
		{D618643D-F85D-4092-A6B4-BA0E52B4AF16}.Debug|Any CPU.Build.0 = Debug|Any CPU
		{D618643D-F85D-4092-A6B4-BA0E52B4AF16}.Release|Any CPU.ActiveCfg = Release|Any CPU
		{D618643D-F85D-4092-A6B4-BA0E52B4AF16}.Release|Any CPU.Build.0 = Release|Any CPU
	EndGlobalSection
	GlobalSection(SolutionProperties) = preSolution
		HideSolutionNode = FALSE
	EndGlobalSection
	GlobalSection(ExtensibilityGlobals) = postSolution
		SolutionGuid = {F6EB54B7-200D-4272-AB48-E5EFAE27E639}
	EndGlobalSection
EndGlobal
