
Microsoft Visual Studio Solution File, Format Version 12.00
# Visual Studio Version 16
VisualStudioVersion = 16.0.29905.134
MinimumVisualStudioVersion = 10.0.40219.1
Project("{FAE04EC0-301F-11D3-BF4B-00C04F79EFBC}") = "OrderManageSystem", "订单管理系统 - 窗口应用程序\OrderManageSystem.csproj", "{B2EF41C8-3AC2-4430-9F1E-E2920BA2F75E}"
EndProject
Global
	GlobalSection(SolutionConfigurationPlatforms) = preSolution
		Debug|Any CPU = Debug|Any CPU
		Release|Any CPU = Release|Any CPU
	EndGlobalSection
	GlobalSection(ProjectConfigurationPlatforms) = postSolution
		{B2EF41C8-3AC2-4430-9F1E-E2920BA2F75E}.Debug|Any CPU.ActiveCfg = Debug|Any CPU
		{B2EF41C8-3AC2-4430-9F1E-E2920BA2F75E}.Debug|Any CPU.Build.0 = Debug|Any CPU
		{B2EF41C8-3AC2-4430-9F1E-E2920BA2F75E}.Release|Any CPU.ActiveCfg = Release|Any CPU
		{B2EF41C8-3AC2-4430-9F1E-E2920BA2F75E}.Release|Any CPU.Build.0 = Release|Any CPU
	EndGlobalSection
	GlobalSection(SolutionProperties) = preSolution
		HideSolutionNode = FALSE
	EndGlobalSection
	GlobalSection(ExtensibilityGlobals) = postSolution
		SolutionGuid = {65B6ECD0-9EDA-45D4-9F6E-6559C64AC75B}
	EndGlobalSection
EndGlobal
