
Microsoft Visual Studio Solution File, Format Version 12.00
# Visual Studio Version 16
VisualStudioVersion = 16.0.29905.134
MinimumVisualStudioVersion = 10.0.40219.1
Project("{FAE04EC0-301F-11D3-BF4B-00C04F79EFBC}") = "泛型链表", "泛型链表\泛型链表.csproj", "{12019FCE-A140-4D06-893B-0E4D843297D6}"
EndProject
Global
	GlobalSection(SolutionConfigurationPlatforms) = preSolution
		Debug|Any CPU = Debug|Any CPU
		Release|Any CPU = Release|Any CPU
	EndGlobalSection
	GlobalSection(ProjectConfigurationPlatforms) = postSolution
		{12019FCE-A140-4D06-893B-0E4D843297D6}.Debug|Any CPU.ActiveCfg = Debug|Any CPU
		{12019FCE-A140-4D06-893B-0E4D843297D6}.Debug|Any CPU.Build.0 = Debug|Any CPU
		{12019FCE-A140-4D06-893B-0E4D843297D6}.Release|Any CPU.ActiveCfg = Release|Any CPU
		{12019FCE-A140-4D06-893B-0E4D843297D6}.Release|Any CPU.Build.0 = Release|Any CPU
	EndGlobalSection
	GlobalSection(SolutionProperties) = preSolution
		HideSolutionNode = FALSE
	EndGlobalSection
	GlobalSection(ExtensibilityGlobals) = postSolution
		SolutionGuid = {760BB16B-F75D-4095-812D-89BD0D94576A}
	EndGlobalSection
EndGlobal
